
Microsoft Visual Studio Solution File, Format Version 12.00
# Visual Studio 2013
VisualStudioVersion = 12.0.31101.0
MinimumVisualStudioVersion = 10.0.40219.1
Project("{FAE04EC0-301F-11D3-BF4B-00C04F79EFBC}") = "RoswellSignatureSync", "RoswellSignatureSync\RoswellSignatureSync.csproj", "{C453AC9C-C187-4807-A1EB-85F26DC10E28}"
EndProject
Global
	GlobalSection(SolutionConfigurationPlatforms) = preSolution
		Debug|Any CPU = Debug|Any CPU
		Release|Any CPU = Release|Any CPU
	EndGlobalSection
	GlobalSection(ProjectConfigurationPlatforms) = postSolution
		{C453AC9C-C187-4807-A1EB-85F26DC10E28}.Debug|Any CPU.ActiveCfg = Debug|Any CPU
		{C453AC9C-C187-4807-A1EB-85F26DC10E28}.Debug|Any CPU.Build.0 = Debug|Any CPU
		{C453AC9C-C187-4807-A1EB-85F26DC10E28}.Release|Any CPU.ActiveCfg = Release|Any CPU
		{C453AC9C-C187-4807-A1EB-85F26DC10E28}.Release|Any CPU.Build.0 = Release|Any CPU
	EndGlobalSection
	GlobalSection(SolutionProperties) = preSolution
		HideSolutionNode = FALSE
	EndGlobalSection
EndGlobal
